
Microsoft Visual Studio Solution File, Format Version 12.00
# Visual Studio 15
Project("{FAE04EC0-301F-11D3-BF4B-00C04F79EFBC}") = "Assembly-CSharp", "Assembly-CSharp.csproj", "{1A7EF77D-64D2-770F-EB0F-535BA19B4FC0}"
EndProject
Project("{FAE04EC0-301F-11D3-BF4B-00C04F79EFBC}") = "Assembly-CSharp-Editor", "Assembly-CSharp-Editor.csproj", "{A8BC4CD6-AEF4-0F75-2FA1-C9F9F78CF2CC}"
EndProject
Global
	GlobalSection(SolutionConfigurationPlatforms) = preSolution
		Debug|Any CPU = Debug|Any CPU
		Release|Any CPU = Release|Any CPU
	EndGlobalSection
	GlobalSection(ProjectConfigurationPlatforms) = postSolution
		{1A7EF77D-64D2-770F-EB0F-535BA19B4FC0}.Debug|Any CPU.ActiveCfg = Debug|Any CPU
		{1A7EF77D-64D2-770F-EB0F-535BA19B4FC0}.Debug|Any CPU.Build.0 = Debug|Any CPU
		{1A7EF77D-64D2-770F-EB0F-535BA19B4FC0}.Release|Any CPU.ActiveCfg = Release|Any CPU
		{1A7EF77D-64D2-770F-EB0F-535BA19B4FC0}.Release|Any CPU.Build.0 = Release|Any CPU
		{A8BC4CD6-AEF4-0F75-2FA1-C9F9F78CF2CC}.Debug|Any CPU.ActiveCfg = Debug|Any CPU
		{A8BC4CD6-AEF4-0F75-2FA1-C9F9F78CF2CC}.Debug|Any CPU.Build.0 = Debug|Any CPU
		{A8BC4CD6-AEF4-0F75-2FA1-C9F9F78CF2CC}.Release|Any CPU.ActiveCfg = Release|Any CPU
		{A8BC4CD6-AEF4-0F75-2FA1-C9F9F78CF2CC}.Release|Any CPU.Build.0 = Release|Any CPU
	EndGlobalSection
	GlobalSection(SolutionProperties) = preSolution
		HideSolutionNode = FALSE
	EndGlobalSection
EndGlobal
